
Microsoft Visual Studio Solution File, Format Version 12.00
# Visual Studio 2012
Project("{8BC9CEB8-8B4A-11D0-8D11-00A0C91BC942}") = "Single Number", "Single Number\Single Number.vcxproj", "{56A95F9B-9975-44EE-BAA8-66F701A2F792}"
EndProject
Project("{8BC9CEB8-8B4A-11D0-8D11-00A0C91BC942}") = "Maximum Depth of Binary Tree", "Maximum Depth of Binary Tree\Maximum Depth of Binary Tree.vcxproj", "{D7B548FA-6971-4952-93B1-97FA8D2FD285}"
EndProject
Project("{8BC9CEB8-8B4A-11D0-8D11-00A0C91BC942}") = "Same Tree", "Same Tree\Same Tree.vcxproj", "{D66CC39E-1994-4382-9439-D5B51EAA7F42}"
EndProject
Project("{8BC9CEB8-8B4A-11D0-8D11-00A0C91BC942}") = "Reverse Integer", "Reverse Integer\Reverse Integer.vcxproj", "{626E0800-23BC-44DA-A026-0B93D3946334}"
EndProject
Project("{8BC9CEB8-8B4A-11D0-8D11-00A0C91BC942}") = "Binary Tree Preorder Traversal", "Binary Tree Preorder Traversal\Binary Tree Preorder Traversal.vcxproj", "{F13ADC3E-A0CF-4B79-A1B3-464F265739F8}"
EndProject
Project("{8BC9CEB8-8B4A-11D0-8D11-00A0C91BC942}") = "Simple Stack", "Simple Stack\Simple Stack.vcxproj", "{48F6AC90-5E48-48FE-BA9A-15AB21C0085A}"
EndProject
Project("{8BC9CEB8-8B4A-11D0-8D11-00A0C91BC942}") = "Linked List Cycle", "Linked List Cycle\Linked List Cycle.vcxproj", "{433A948E-11B1-40F0-ABBC-44212EBD8F66}"
EndProject
Project("{8BC9CEB8-8B4A-11D0-8D11-00A0C91BC942}") = "Best Time to Buy and Sell Stock", "Best Time to Buy and Sell Stock\Best Time to Buy and Sell Stock.vcxproj", "{E7689032-8EA6-46EB-BD40-F50CC368288F}"
EndProject
Project("{8BC9CEB8-8B4A-11D0-8D11-00A0C91BC942}") = "Unique Binary Search Trees", "Unique Binary Search Trees\Unique Binary Search Trees.vcxproj", "{C9DC885E-A90F-4FCD-BAA0-C946489C1B8B}"
EndProject
Project("{8BC9CEB8-8B4A-11D0-8D11-00A0C91BC942}") = "Populating Next Right Pointers in Each Node", "Populating Next Right Pointers in Each Node\Populating Next Right Pointers in Each Node.vcxproj", "{C10A8488-B4C1-423A-BB4D-B5520B37AB77}"
EndProject
Project("{8BC9CEB8-8B4A-11D0-8D11-00A0C91BC942}") = "N Queens", "N Queens\N Queens.vcxproj", "{B3F33442-A3F5-41D4-BBB5-60AF8704FC11}"
EndProject
Project("{8BC9CEB8-8B4A-11D0-8D11-00A0C91BC942}") = "Maximum Subarray", "Maximum Subarray\Maximum Subarray.vcxproj", "{44FAA927-9D34-441D-B8FE-D6D92AB4DA39}"
EndProject
Project("{8BC9CEB8-8B4A-11D0-8D11-00A0C91BC942}") = "Reservoir Sample", "Reservoir Sample\Reservoir Sample.vcxproj", "{A2932EBE-09EB-4D52-B51C-1DF1FD417370}"
EndProject
Global
	GlobalSection(SolutionConfigurationPlatforms) = preSolution
		Debug|Win32 = Debug|Win32
		Debug|x64 = Debug|x64
		Debug|x86 = Debug|x86
		Release|Win32 = Release|Win32
		Release|x64 = Release|x64
		Release|x86 = Release|x86
	EndGlobalSection
	GlobalSection(ProjectConfigurationPlatforms) = postSolution
		{56A95F9B-9975-44EE-BAA8-66F701A2F792}.Debug|Win32.ActiveCfg = Debug|Win32
		{56A95F9B-9975-44EE-BAA8-66F701A2F792}.Debug|Win32.Build.0 = Debug|Win32
		{56A95F9B-9975-44EE-BAA8-66F701A2F792}.Debug|x64.ActiveCfg = Debug|x64
		{56A95F9B-9975-44EE-BAA8-66F701A2F792}.Debug|x64.Build.0 = Debug|x64
		{56A95F9B-9975-44EE-BAA8-66F701A2F792}.Debug|x86.ActiveCfg = Debug|Win32
		{56A95F9B-9975-44EE-BAA8-66F701A2F792}.Debug|x86.Build.0 = Debug|Win32
		{56A95F9B-9975-44EE-BAA8-66F701A2F792}.Release|Win32.ActiveCfg = Release|Win32
		{56A95F9B-9975-44EE-BAA8-66F701A2F792}.Release|Win32.Build.0 = Release|Win32
		{56A95F9B-9975-44EE-BAA8-66F701A2F792}.Release|x64.ActiveCfg = Release|x64
		{56A95F9B-9975-44EE-BAA8-66F701A2F792}.Release|x64.Build.0 = Release|x64
		{56A95F9B-9975-44EE-BAA8-66F701A2F792}.Release|x86.ActiveCfg = Release|Win32
		{56A95F9B-9975-44EE-BAA8-66F701A2F792}.Release|x86.Build.0 = Release|Win32
		{D7B548FA-6971-4952-93B1-97FA8D2FD285}.Debug|Win32.ActiveCfg = Debug|Win32
		{D7B548FA-6971-4952-93B1-97FA8D2FD285}.Debug|Win32.Build.0 = Debug|Win32
		{D7B548FA-6971-4952-93B1-97FA8D2FD285}.Debug|x64.ActiveCfg = Debug|x64
		{D7B548FA-6971-4952-93B1-97FA8D2FD285}.Debug|x64.Build.0 = Debug|x64
		{D7B548FA-6971-4952-93B1-97FA8D2FD285}.Debug|x86.ActiveCfg = Debug|Win32
		{D7B548FA-6971-4952-93B1-97FA8D2FD285}.Debug|x86.Build.0 = Debug|Win32
		{D7B548FA-6971-4952-93B1-97FA8D2FD285}.Release|Win32.ActiveCfg = Release|Win32
		{D7B548FA-6971-4952-93B1-97FA8D2FD285}.Release|Win32.Build.0 = Release|Win32
		{D7B548FA-6971-4952-93B1-97FA8D2FD285}.Release|x64.ActiveCfg = Release|x64
		{D7B548FA-6971-4952-93B1-97FA8D2FD285}.Release|x64.Build.0 = Release|x64
		{D7B548FA-6971-4952-93B1-97FA8D2FD285}.Release|x86.ActiveCfg = Release|Win32
		{D7B548FA-6971-4952-93B1-97FA8D2FD285}.Release|x86.Build.0 = Release|Win32
		{D66CC39E-1994-4382-9439-D5B51EAA7F42}.Debug|Win32.ActiveCfg = Debug|Win32
		{D66CC39E-1994-4382-9439-D5B51EAA7F42}.Debug|Win32.Build.0 = Debug|Win32
		{D66CC39E-1994-4382-9439-D5B51EAA7F42}.Debug|x64.ActiveCfg = Debug|x64
		{D66CC39E-1994-4382-9439-D5B51EAA7F42}.Debug|x64.Build.0 = Debug|x64
		{D66CC39E-1994-4382-9439-D5B51EAA7F42}.Debug|x86.ActiveCfg = Debug|Win32
		{D66CC39E-1994-4382-9439-D5B51EAA7F42}.Debug|x86.Build.0 = Debug|Win32
		{D66CC39E-1994-4382-9439-D5B51EAA7F42}.Release|Win32.ActiveCfg = Release|Win32
		{D66CC39E-1994-4382-9439-D5B51EAA7F42}.Release|Win32.Build.0 = Release|Win32
		{D66CC39E-1994-4382-9439-D5B51EAA7F42}.Release|x64.ActiveCfg = Release|x64
		{D66CC39E-1994-4382-9439-D5B51EAA7F42}.Release|x64.Build.0 = Release|x64
		{D66CC39E-1994-4382-9439-D5B51EAA7F42}.Release|x86.ActiveCfg = Release|Win32
		{D66CC39E-1994-4382-9439-D5B51EAA7F42}.Release|x86.Build.0 = Release|Win32
		{626E0800-23BC-44DA-A026-0B93D3946334}.Debug|Win32.ActiveCfg = Debug|Win32
		{626E0800-23BC-44DA-A026-0B93D3946334}.Debug|Win32.Build.0 = Debug|Win32
		{626E0800-23BC-44DA-A026-0B93D3946334}.Debug|x64.ActiveCfg = Debug|x64
		{626E0800-23BC-44DA-A026-0B93D3946334}.Debug|x64.Build.0 = Debug|x64
		{626E0800-23BC-44DA-A026-0B93D3946334}.Debug|x86.ActiveCfg = Debug|Win32
		{626E0800-23BC-44DA-A026-0B93D3946334}.Debug|x86.Build.0 = Debug|Win32
		{626E0800-23BC-44DA-A026-0B93D3946334}.Release|Win32.ActiveCfg = Release|Win32
		{626E0800-23BC-44DA-A026-0B93D3946334}.Release|Win32.Build.0 = Release|Win32
		{626E0800-23BC-44DA-A026-0B93D3946334}.Release|x64.ActiveCfg = Release|x64
		{626E0800-23BC-44DA-A026-0B93D3946334}.Release|x64.Build.0 = Release|x64
		{626E0800-23BC-44DA-A026-0B93D3946334}.Release|x86.ActiveCfg = Release|Win32
		{626E0800-23BC-44DA-A026-0B93D3946334}.Release|x86.Build.0 = Release|Win32
		{F13ADC3E-A0CF-4B79-A1B3-464F265739F8}.Debug|Win32.ActiveCfg = Debug|Win32
		{F13ADC3E-A0CF-4B79-A1B3-464F265739F8}.Debug|Win32.Build.0 = Debug|Win32
		{F13ADC3E-A0CF-4B79-A1B3-464F265739F8}.Debug|x64.ActiveCfg = Debug|x64
		{F13ADC3E-A0CF-4B79-A1B3-464F265739F8}.Debug|x64.Build.0 = Debug|x64
		{F13ADC3E-A0CF-4B79-A1B3-464F265739F8}.Debug|x86.ActiveCfg = Debug|Win32
		{F13ADC3E-A0CF-4B79-A1B3-464F265739F8}.Debug|x86.Build.0 = Debug|Win32
		{F13ADC3E-A0CF-4B79-A1B3-464F265739F8}.Release|Win32.ActiveCfg = Release|Win32
		{F13ADC3E-A0CF-4B79-A1B3-464F265739F8}.Release|Win32.Build.0 = Release|Win32
		{F13ADC3E-A0CF-4B79-A1B3-464F265739F8}.Release|x64.ActiveCfg = Release|x64
		{F13ADC3E-A0CF-4B79-A1B3-464F265739F8}.Release|x64.Build.0 = Release|x64
		{F13ADC3E-A0CF-4B79-A1B3-464F265739F8}.Release|x86.ActiveCfg = Release|Win32
		{F13ADC3E-A0CF-4B79-A1B3-464F265739F8}.Release|x86.Build.0 = Release|Win32
		{48F6AC90-5E48-48FE-BA9A-15AB21C0085A}.Debug|Win32.ActiveCfg = Debug|Win32
		{48F6AC90-5E48-48FE-BA9A-15AB21C0085A}.Debug|Win32.Build.0 = Debug|Win32
		{48F6AC90-5E48-48FE-BA9A-15AB21C0085A}.Debug|x64.ActiveCfg = Debug|x64
		{48F6AC90-5E48-48FE-BA9A-15AB21C0085A}.Debug|x64.Build.0 = Debug|x64
		{48F6AC90-5E48-48FE-BA9A-15AB21C0085A}.Debug|x86.ActiveCfg = Debug|Win32
		{48F6AC90-5E48-48FE-BA9A-15AB21C0085A}.Debug|x86.Build.0 = Debug|Win32
		{48F6AC90-5E48-48FE-BA9A-15AB21C0085A}.Release|Win32.ActiveCfg = Release|Win32
		{48F6AC90-5E48-48FE-BA9A-15AB21C0085A}.Release|Win32.Build.0 = Release|Win32
		{48F6AC90-5E48-48FE-BA9A-15AB21C0085A}.Release|x64.ActiveCfg = Release|x64
		{48F6AC90-5E48-48FE-BA9A-15AB21C0085A}.Release|x64.Build.0 = Release|x64
		{48F6AC90-5E48-48FE-BA9A-15AB21C0085A}.Release|x86.ActiveCfg = Release|Win32
		{48F6AC90-5E48-48FE-BA9A-15AB21C0085A}.Release|x86.Build.0 = Release|Win32
		{433A948E-11B1-40F0-ABBC-44212EBD8F66}.Debug|Win32.ActiveCfg = Debug|Win32
		{433A948E-11B1-40F0-ABBC-44212EBD8F66}.Debug|Win32.Build.0 = Debug|Win32
		{433A948E-11B1-40F0-ABBC-44212EBD8F66}.Debug|x64.ActiveCfg = Debug|x64
		{433A948E-11B1-40F0-ABBC-44212EBD8F66}.Debug|x64.Build.0 = Debug|x64
		{433A948E-11B1-40F0-ABBC-44212EBD8F66}.Debug|x86.ActiveCfg = Debug|Win32
		{433A948E-11B1-40F0-ABBC-44212EBD8F66}.Debug|x86.Build.0 = Debug|Win32
		{433A948E-11B1-40F0-ABBC-44212EBD8F66}.Release|Win32.ActiveCfg = Release|Win32
		{433A948E-11B1-40F0-ABBC-44212EBD8F66}.Release|Win32.Build.0 = Release|Win32
		{433A948E-11B1-40F0-ABBC-44212EBD8F66}.Release|x64.ActiveCfg = Release|x64
		{433A948E-11B1-40F0-ABBC-44212EBD8F66}.Release|x64.Build.0 = Release|x64
		{433A948E-11B1-40F0-ABBC-44212EBD8F66}.Release|x86.ActiveCfg = Release|Win32
		{433A948E-11B1-40F0-ABBC-44212EBD8F66}.Release|x86.Build.0 = Release|Win32
		{E7689032-8EA6-46EB-BD40-F50CC368288F}.Debug|Win32.ActiveCfg = Debug|Win32
		{E7689032-8EA6-46EB-BD40-F50CC368288F}.Debug|Win32.Build.0 = Debug|Win32
		{E7689032-8EA6-46EB-BD40-F50CC368288F}.Debug|x64.ActiveCfg = Debug|x64
		{E7689032-8EA6-46EB-BD40-F50CC368288F}.Debug|x64.Build.0 = Debug|x64
		{E7689032-8EA6-46EB-BD40-F50CC368288F}.Debug|x86.ActiveCfg = Debug|Win32
		{E7689032-8EA6-46EB-BD40-F50CC368288F}.Debug|x86.Build.0 = Debug|Win32
		{E7689032-8EA6-46EB-BD40-F50CC368288F}.Release|Win32.ActiveCfg = Release|Win32
		{E7689032-8EA6-46EB-BD40-F50CC368288F}.Release|Win32.Build.0 = Release|Win32
		{E7689032-8EA6-46EB-BD40-F50CC368288F}.Release|x64.ActiveCfg = Release|x64
		{E7689032-8EA6-46EB-BD40-F50CC368288F}.Release|x64.Build.0 = Release|x64
		{E7689032-8EA6-46EB-BD40-F50CC368288F}.Release|x86.ActiveCfg = Release|Win32
		{E7689032-8EA6-46EB-BD40-F50CC368288F}.Release|x86.Build.0 = Release|Win32
		{C9DC885E-A90F-4FCD-BAA0-C946489C1B8B}.Debug|Win32.ActiveCfg = Debug|Win32
		{C9DC885E-A90F-4FCD-BAA0-C946489C1B8B}.Debug|Win32.Build.0 = Debug|Win32
		{C9DC885E-A90F-4FCD-BAA0-C946489C1B8B}.Debug|x64.ActiveCfg = Debug|x64
		{C9DC885E-A90F-4FCD-BAA0-C946489C1B8B}.Debug|x64.Build.0 = Debug|x64
		{C9DC885E-A90F-4FCD-BAA0-C946489C1B8B}.Debug|x86.ActiveCfg = Debug|Win32
		{C9DC885E-A90F-4FCD-BAA0-C946489C1B8B}.Debug|x86.Build.0 = Debug|Win32
		{C9DC885E-A90F-4FCD-BAA0-C946489C1B8B}.Release|Win32.ActiveCfg = Release|Win32
		{C9DC885E-A90F-4FCD-BAA0-C946489C1B8B}.Release|Win32.Build.0 = Release|Win32
		{C9DC885E-A90F-4FCD-BAA0-C946489C1B8B}.Release|x64.ActiveCfg = Release|x64
		{C9DC885E-A90F-4FCD-BAA0-C946489C1B8B}.Release|x64.Build.0 = Release|x64
		{C9DC885E-A90F-4FCD-BAA0-C946489C1B8B}.Release|x86.ActiveCfg = Release|Win32
		{C9DC885E-A90F-4FCD-BAA0-C946489C1B8B}.Release|x86.Build.0 = Release|Win32
		{C10A8488-B4C1-423A-BB4D-B5520B37AB77}.Debug|Win32.ActiveCfg = Debug|Win32
		{C10A8488-B4C1-423A-BB4D-B5520B37AB77}.Debug|Win32.Build.0 = Debug|Win32
		{C10A8488-B4C1-423A-BB4D-B5520B37AB77}.Debug|x64.ActiveCfg = Debug|x64
		{C10A8488-B4C1-423A-BB4D-B5520B37AB77}.Debug|x64.Build.0 = Debug|x64
		{C10A8488-B4C1-423A-BB4D-B5520B37AB77}.Debug|x86.ActiveCfg = Debug|Win32
		{C10A8488-B4C1-423A-BB4D-B5520B37AB77}.Debug|x86.Build.0 = Debug|Win32
		{C10A8488-B4C1-423A-BB4D-B5520B37AB77}.Release|Win32.ActiveCfg = Release|Win32
		{C10A8488-B4C1-423A-BB4D-B5520B37AB77}.Release|Win32.Build.0 = Release|Win32
		{C10A8488-B4C1-423A-BB4D-B5520B37AB77}.Release|x64.ActiveCfg = Release|x64
		{C10A8488-B4C1-423A-BB4D-B5520B37AB77}.Release|x64.Build.0 = Release|x64
		{C10A8488-B4C1-423A-BB4D-B5520B37AB77}.Release|x86.ActiveCfg = Release|Win32
		{C10A8488-B4C1-423A-BB4D-B5520B37AB77}.Release|x86.Build.0 = Release|Win32
		{B3F33442-A3F5-41D4-BBB5-60AF8704FC11}.Debug|Win32.ActiveCfg = Debug|Win32
		{B3F33442-A3F5-41D4-BBB5-60AF8704FC11}.Debug|Win32.Build.0 = Debug|Win32
		{B3F33442-A3F5-41D4-BBB5-60AF8704FC11}.Debug|x64.ActiveCfg = Debug|x64
		{B3F33442-A3F5-41D4-BBB5-60AF8704FC11}.Debug|x64.Build.0 = Debug|x64
		{B3F33442-A3F5-41D4-BBB5-60AF8704FC11}.Debug|x86.ActiveCfg = Debug|Win32
		{B3F33442-A3F5-41D4-BBB5-60AF8704FC11}.Debug|x86.Build.0 = Debug|Win32
		{B3F33442-A3F5-41D4-BBB5-60AF8704FC11}.Release|Win32.ActiveCfg = Release|Win32
		{B3F33442-A3F5-41D4-BBB5-60AF8704FC11}.Release|Win32.Build.0 = Release|Win32
		{B3F33442-A3F5-41D4-BBB5-60AF8704FC11}.Release|x64.ActiveCfg = Release|x64
		{B3F33442-A3F5-41D4-BBB5-60AF8704FC11}.Release|x64.Build.0 = Release|x64
		{B3F33442-A3F5-41D4-BBB5-60AF8704FC11}.Release|x86.ActiveCfg = Release|Win32
		{B3F33442-A3F5-41D4-BBB5-60AF8704FC11}.Release|x86.Build.0 = Release|Win32
		{44FAA927-9D34-441D-B8FE-D6D92AB4DA39}.Debug|Win32.ActiveCfg = Debug|Win32
		{44FAA927-9D34-441D-B8FE-D6D92AB4DA39}.Debug|Win32.Build.0 = Debug|Win32
		{44FAA927-9D34-441D-B8FE-D6D92AB4DA39}.Debug|x64.ActiveCfg = Debug|x64
		{44FAA927-9D34-441D-B8FE-D6D92AB4DA39}.Debug|x64.Build.0 = Debug|x64
		{44FAA927-9D34-441D-B8FE-D6D92AB4DA39}.Debug|x86.ActiveCfg = Debug|Win32
		{44FAA927-9D34-441D-B8FE-D6D92AB4DA39}.Debug|x86.Build.0 = Debug|Win32
		{44FAA927-9D34-441D-B8FE-D6D92AB4DA39}.Release|Win32.ActiveCfg = Release|Win32
		{44FAA927-9D34-441D-B8FE-D6D92AB4DA39}.Release|Win32.Build.0 = Release|Win32
		{44FAA927-9D34-441D-B8FE-D6D92AB4DA39}.Release|x64.ActiveCfg = Release|x64
		{44FAA927-9D34-441D-B8FE-D6D92AB4DA39}.Release|x64.Build.0 = Release|x64
		{44FAA927-9D34-441D-B8FE-D6D92AB4DA39}.Release|x86.ActiveCfg = Release|Win32
		{44FAA927-9D34-441D-B8FE-D6D92AB4DA39}.Release|x86.Build.0 = Release|Win32
		{A2932EBE-09EB-4D52-B51C-1DF1FD417370}.Debug|Win32.ActiveCfg = Debug|Win32
		{A2932EBE-09EB-4D52-B51C-1DF1FD417370}.Debug|Win32.Build.0 = Debug|Win32
		{A2932EBE-09EB-4D52-B51C-1DF1FD417370}.Debug|x64.ActiveCfg = Debug|x64
		{A2932EBE-09EB-4D52-B51C-1DF1FD417370}.Debug|x64.Build.0 = Debug|x64
		{A2932EBE-09EB-4D52-B51C-1DF1FD417370}.Debug|x86.ActiveCfg = Debug|Win32
		{A2932EBE-09EB-4D52-B51C-1DF1FD417370}.Debug|x86.Build.0 = Debug|Win32
		{A2932EBE-09EB-4D52-B51C-1DF1FD417370}.Release|Win32.ActiveCfg = Release|Win32
		{A2932EBE-09EB-4D52-B51C-1DF1FD417370}.Release|Win32.Build.0 = Release|Win32
		{A2932EBE-09EB-4D52-B51C-1DF1FD417370}.Release|x64.ActiveCfg = Release|x64
		{A2932EBE-09EB-4D52-B51C-1DF1FD417370}.Release|x64.Build.0 = Release|x64
		{A2932EBE-09EB-4D52-B51C-1DF1FD417370}.Release|x86.ActiveCfg = Release|Win32
		{A2932EBE-09EB-4D52-B51C-1DF1FD417370}.Release|x86.Build.0 = Release|Win32
	EndGlobalSection
	GlobalSection(SolutionProperties) = preSolution
		HideSolutionNode = FALSE
	EndGlobalSection
EndGlobal
